
Microsoft Visual Studio Solution File, Format Version 12.00
# Visual Studio Version 17
VisualStudioVersion = 17.14.36212.18 d17.14
MinimumVisualStudioVersion = 10.0.40219.1
Project("{FAE04EC0-301F-11D3-BF4B-00C04F79EFBC}") = "ExtendOffset", "ExtendOffset\ExtendOffset.csproj", "{FBEE20BB-B5B5-426B-806C-D46354E9B4A7}"
EndProject
Project("{FAE04EC0-301F-11D3-BF4B-00C04F79EFBC}") = "ShiftSECount", "ShiftSECount\ShiftSECount.csproj", "{715C3A87-0EA6-4F72-B6AF-1F3BC26A44D0}"
EndProject
Global
	GlobalSection(SolutionConfigurationPlatforms) = preSolution
		Debug|Any CPU = Debug|Any CPU
		Release|Any CPU = Release|Any CPU
	EndGlobalSection
	GlobalSection(ProjectConfigurationPlatforms) = postSolution
		{FBEE20BB-B5B5-426B-806C-D46354E9B4A7}.Debug|Any CPU.ActiveCfg = Debug|Any CPU
		{FBEE20BB-B5B5-426B-806C-D46354E9B4A7}.Debug|Any CPU.Build.0 = Debug|Any CPU
		{FBEE20BB-B5B5-426B-806C-D46354E9B4A7}.Release|Any CPU.ActiveCfg = Release|Any CPU
		{FBEE20BB-B5B5-426B-806C-D46354E9B4A7}.Release|Any CPU.Build.0 = Release|Any CPU
		{715C3A87-0EA6-4F72-B6AF-1F3BC26A44D0}.Debug|Any CPU.ActiveCfg = Debug|Any CPU
		{715C3A87-0EA6-4F72-B6AF-1F3BC26A44D0}.Debug|Any CPU.Build.0 = Debug|Any CPU
		{715C3A87-0EA6-4F72-B6AF-1F3BC26A44D0}.Release|Any CPU.ActiveCfg = Release|Any CPU
		{715C3A87-0EA6-4F72-B6AF-1F3BC26A44D0}.Release|Any CPU.Build.0 = Release|Any CPU
	EndGlobalSection
	GlobalSection(SolutionProperties) = preSolution
		HideSolutionNode = FALSE
	EndGlobalSection
	GlobalSection(ExtensibilityGlobals) = postSolution
		SolutionGuid = {9A5132C8-5508-4EE0-B894-AD1EEEDC70C3}
	EndGlobalSection
EndGlobal
